
Microsoft Visual Studio Solution File, Format Version 12.00
# Visual Studio 15
VisualStudioVersion = 15.0.28010.2003
MinimumVisualStudioVersion = 10.0.40219.1
Project("{9A19103F-16F7-4668-BE54-9A1E7A4F7556}") = "Maps.Models", "Maps.Models\Maps.Models.csproj", "{A2196C70-BF70-4092-A4AB-A5516A3DDC95}"
EndProject
Project("{9A19103F-16F7-4668-BE54-9A1E7A4F7556}") = "Maps.DataAccess", "Maps.DataAccess\Maps.DataAccess.csproj", "{17C086E5-D465-4974-856B-97B173792614}"
EndProject
Project("{9A19103F-16F7-4668-BE54-9A1E7A4F7556}") = "Maps.WebApi", "Maps.WebService\Maps.WebApi.csproj", "{F5A75CF6-8067-4336-B34D-C9E25082BC6C}"
EndProject
Global
	GlobalSection(SolutionConfigurationPlatforms) = preSolution
		Debug|Any CPU = Debug|Any CPU
		Release|Any CPU = Release|Any CPU
	EndGlobalSection
	GlobalSection(ProjectConfigurationPlatforms) = postSolution
		{A2196C70-BF70-4092-A4AB-A5516A3DDC95}.Debug|Any CPU.ActiveCfg = Debug|Any CPU
		{A2196C70-BF70-4092-A4AB-A5516A3DDC95}.Debug|Any CPU.Build.0 = Debug|Any CPU
		{A2196C70-BF70-4092-A4AB-A5516A3DDC95}.Release|Any CPU.ActiveCfg = Release|Any CPU
		{A2196C70-BF70-4092-A4AB-A5516A3DDC95}.Release|Any CPU.Build.0 = Release|Any CPU
		{17C086E5-D465-4974-856B-97B173792614}.Debug|Any CPU.ActiveCfg = Debug|Any CPU
		{17C086E5-D465-4974-856B-97B173792614}.Debug|Any CPU.Build.0 = Debug|Any CPU
		{17C086E5-D465-4974-856B-97B173792614}.Release|Any CPU.ActiveCfg = Release|Any CPU
		{17C086E5-D465-4974-856B-97B173792614}.Release|Any CPU.Build.0 = Release|Any CPU
		{F5A75CF6-8067-4336-B34D-C9E25082BC6C}.Debug|Any CPU.ActiveCfg = Debug|Any CPU
		{F5A75CF6-8067-4336-B34D-C9E25082BC6C}.Debug|Any CPU.Build.0 = Debug|Any CPU
		{F5A75CF6-8067-4336-B34D-C9E25082BC6C}.Release|Any CPU.ActiveCfg = Release|Any CPU
		{F5A75CF6-8067-4336-B34D-C9E25082BC6C}.Release|Any CPU.Build.0 = Release|Any CPU
	EndGlobalSection
	GlobalSection(SolutionProperties) = preSolution
		HideSolutionNode = FALSE
	EndGlobalSection
	GlobalSection(ExtensibilityGlobals) = postSolution
		SolutionGuid = {625FCAA5-B7B5-47A2-A9E8-7599C6811875}
	EndGlobalSection
EndGlobal
